
Microsoft Visual Studio Solution File, Format Version 12.00
# Visual Studio Version 17
VisualStudioVersion = 17.4.33213.308
MinimumVisualStudioVersion = 10.0.40219.1
Project("{9A19103F-16F7-4668-BE54-9A1E7A4F7556}") = "MachineLearningAPI", "MachineLearningAPI.csproj", "{CA2FEE9F-0A1A-422A-A5EA-54B76E14526C}"
EndProject
Global
	GlobalSection(SolutionConfigurationPlatforms) = preSolution
		Debug|Any CPU = Debug|Any CPU
		Release|Any CPU = Release|Any CPU
	EndGlobalSection
	GlobalSection(ProjectConfigurationPlatforms) = postSolution
		{CA2FEE9F-0A1A-422A-A5EA-54B76E14526C}.Debug|Any CPU.ActiveCfg = Debug|Any CPU
		{CA2FEE9F-0A1A-422A-A5EA-54B76E14526C}.Debug|Any CPU.Build.0 = Debug|Any CPU
		{CA2FEE9F-0A1A-422A-A5EA-54B76E14526C}.Release|Any CPU.ActiveCfg = Release|Any CPU
		{CA2FEE9F-0A1A-422A-A5EA-54B76E14526C}.Release|Any CPU.Build.0 = Release|Any CPU
	EndGlobalSection
	GlobalSection(SolutionProperties) = preSolution
		HideSolutionNode = FALSE
	EndGlobalSection
	GlobalSection(ExtensibilityGlobals) = postSolution
		SolutionGuid = {05C612B8-3442-4E14-8596-7823F53F2632}
	EndGlobalSection
EndGlobal
